{
  "name": "agri-backend",
  "version": "1.0.0",
  "lockfileVersion": 3,
  "requires": true,
  "main": "server.js",
  "packages": {
    "": {
      "name": "agri-backend",
      "version": "1.0.0",
      "license": "ISC"
    }
  },
  "scripts": {
    "dev": "nodemon server.js",
    "start": "node server.js"
  }
}
